
Microsoft Visual Studio Solution File, Format Version 12.00
# Visual Studio 15
VisualStudioVersion = 15.0.26430.16
MinimumVisualStudioVersion = 10.0.40219.1
Project("{FAE04EC0-301F-11D3-BF4B-00C04F79EFBC}") = "ShoppingListService", "ShoppingListService\ShoppingListService.csproj", "{B3BCD2CA-3510-42FA-B271-A5156F50712C}"
EndProject
Project("{FAE04EC0-301F-11D3-BF4B-00C04F79EFBC}") = "ShoppingListTests", "ShoppingListTests\ShoppingListTests.csproj", "{3E939A0D-73C7-43C4-984C-8731E3D8F4BB}"
EndProject
Global
	GlobalSection(SolutionConfigurationPlatforms) = preSolution
		Debug|Any CPU = Debug|Any CPU
		Release|Any CPU = Release|Any CPU
	EndGlobalSection
	GlobalSection(ProjectConfigurationPlatforms) = postSolution
		{B3BCD2CA-3510-42FA-B271-A5156F50712C}.Debug|Any CPU.ActiveCfg = Debug|Any CPU
		{B3BCD2CA-3510-42FA-B271-A5156F50712C}.Debug|Any CPU.Build.0 = Debug|Any CPU
		{B3BCD2CA-3510-42FA-B271-A5156F50712C}.Release|Any CPU.ActiveCfg = Release|Any CPU
		{B3BCD2CA-3510-42FA-B271-A5156F50712C}.Release|Any CPU.Build.0 = Release|Any CPU
		{3E939A0D-73C7-43C4-984C-8731E3D8F4BB}.Debug|Any CPU.ActiveCfg = Debug|Any CPU
		{3E939A0D-73C7-43C4-984C-8731E3D8F4BB}.Debug|Any CPU.Build.0 = Debug|Any CPU
		{3E939A0D-73C7-43C4-984C-8731E3D8F4BB}.Release|Any CPU.ActiveCfg = Release|Any CPU
		{3E939A0D-73C7-43C4-984C-8731E3D8F4BB}.Release|Any CPU.Build.0 = Release|Any CPU
	EndGlobalSection
	GlobalSection(SolutionProperties) = preSolution
		HideSolutionNode = FALSE
	EndGlobalSection
EndGlobal
